
Microsoft Visual Studio Solution File, Format Version 12.00
# Visual Studio Version 17
VisualStudioVersion = 17.10.35004.147
MinimumVisualStudioVersion = 10.0.40219.1
Project("{FAE04EC0-301F-11D3-BF4B-00C04F79EFBC}") = "Billing_Software", "Billing_Software\Billing_Software.csproj", "{364C7B9D-8EF7-4A13-8470-7F400DBDAE59}"
EndProject
Global
	GlobalSection(SolutionConfigurationPlatforms) = preSolution
		Debug|Any CPU = Debug|Any CPU
		Release|Any CPU = Release|Any CPU
	EndGlobalSection
	GlobalSection(ProjectConfigurationPlatforms) = postSolution
		{364C7B9D-8EF7-4A13-8470-7F400DBDAE59}.Debug|Any CPU.ActiveCfg = Debug|Any CPU
		{364C7B9D-8EF7-4A13-8470-7F400DBDAE59}.Debug|Any CPU.Build.0 = Debug|Any CPU
		{364C7B9D-8EF7-4A13-8470-7F400DBDAE59}.Release|Any CPU.ActiveCfg = Release|Any CPU
		{364C7B9D-8EF7-4A13-8470-7F400DBDAE59}.Release|Any CPU.Build.0 = Release|Any CPU
	EndGlobalSection
	GlobalSection(SolutionProperties) = preSolution
		HideSolutionNode = FALSE
	EndGlobalSection
	GlobalSection(ExtensibilityGlobals) = postSolution
		SolutionGuid = {CEB563EE-92DC-4234-B68C-66DE343805A5}
	EndGlobalSection
EndGlobal
